
Microsoft Visual Studio Solution File, Format Version 12.00
# Visual Studio 15
VisualStudioVersion = 15.0.27130.2003
MinimumVisualStudioVersion = 10.0.40219.1
Project("{F184B08F-C81C-45F6-A57F-5ABD9991F28F}") = "TiximPrint", "ExpertServicePrint\TiximPrint.vbproj", "{DD06C25A-D018-4663-992A-D4173794AC95}"
EndProject
Project("{F184B08F-C81C-45F6-A57F-5ABD9991F28F}") = "WindowsApp1", "WindowsApp1\WindowsApp1.vbproj", "{6351F8DE-B555-4CD9-84CF-333DA761A803}"
EndProject
Project("{F184B08F-C81C-45F6-A57F-5ABD9991F28F}") = "TiximPrintConsole", "TiximPrintConsole\TiximPrintConsole.vbproj", "{2936BFBC-36F6-4790-AE87-333F66C3A777}"
EndProject
Global
	GlobalSection(SolutionConfigurationPlatforms) = preSolution
		Debug|Any CPU = Debug|Any CPU
		Release|Any CPU = Release|Any CPU
	EndGlobalSection
	GlobalSection(ProjectConfigurationPlatforms) = postSolution
		{DD06C25A-D018-4663-992A-D4173794AC95}.Debug|Any CPU.ActiveCfg = Debug|Any CPU
		{DD06C25A-D018-4663-992A-D4173794AC95}.Debug|Any CPU.Build.0 = Debug|Any CPU
		{DD06C25A-D018-4663-992A-D4173794AC95}.Release|Any CPU.ActiveCfg = Release|Any CPU
		{DD06C25A-D018-4663-992A-D4173794AC95}.Release|Any CPU.Build.0 = Release|Any CPU
		{6351F8DE-B555-4CD9-84CF-333DA761A803}.Debug|Any CPU.ActiveCfg = Debug|Any CPU
		{6351F8DE-B555-4CD9-84CF-333DA761A803}.Debug|Any CPU.Build.0 = Debug|Any CPU
		{6351F8DE-B555-4CD9-84CF-333DA761A803}.Release|Any CPU.ActiveCfg = Release|Any CPU
		{6351F8DE-B555-4CD9-84CF-333DA761A803}.Release|Any CPU.Build.0 = Release|Any CPU
		{2936BFBC-36F6-4790-AE87-333F66C3A777}.Debug|Any CPU.ActiveCfg = Debug|Any CPU
		{2936BFBC-36F6-4790-AE87-333F66C3A777}.Debug|Any CPU.Build.0 = Debug|Any CPU
		{2936BFBC-36F6-4790-AE87-333F66C3A777}.Release|Any CPU.ActiveCfg = Release|Any CPU
		{2936BFBC-36F6-4790-AE87-333F66C3A777}.Release|Any CPU.Build.0 = Release|Any CPU
	EndGlobalSection
	GlobalSection(SolutionProperties) = preSolution
		HideSolutionNode = FALSE
	EndGlobalSection
	GlobalSection(ExtensibilityGlobals) = postSolution
		SolutionGuid = {BB039A56-8E8E-4CD3-B009-1690177784AA}
	EndGlobalSection
	GlobalSection(TeamFoundationVersionControl) = preSolution
		SccNumberOfProjects = 4
		SccEnterpriseProvider = {4CA58AB2-18FA-4F8D-95D4-32DDF27D184C}
		SccTeamFoundationServer = https://dev.azure.com/bdsoftltd
		SccLocalPath0 = .
		SccProjectUniqueName1 = ExpertServicePrint\\TiximPrint.vbproj
		SccProjectName1 = ExpertServicePrint
		SccLocalPath1 = ExpertServicePrint
		SccProjectUniqueName2 = WindowsApp1\\WindowsApp1.vbproj
		SccProjectName2 = WindowsApp1
		SccLocalPath2 = WindowsApp1
		SccProjectUniqueName3 = TiximPrintConsole\\TiximPrintConsole.vbproj
		SccProjectName3 = TiximPrintConsole
		SccLocalPath3 = TiximPrintConsole
	EndGlobalSection
EndGlobal
