
Microsoft Visual Studio Solution File, Format Version 12.00
# Visual Studio 15
VisualStudioVersion = 15.0.27130.2003
MinimumVisualStudioVersion = 10.0.40219.1
Project("{F184B08F-C81C-45F6-A57F-5ABD9991F28F}") = "VIA_Print", "VIA_Print\VIA_Print.vbproj", "{61701719-2EFD-4FD7-803C-FDD085F2B0A0}"
EndProject
Project("{F184B08F-C81C-45F6-A57F-5ABD9991F28F}") = "VIAPrintConsole", "VIAPrintConsole\VIAPrintConsole.vbproj", "{8B4A9831-9854-4A7E-A491-C5754EC14418}"
EndProject
Global
	GlobalSection(SolutionConfigurationPlatforms) = preSolution
		Debug|Any CPU = Debug|Any CPU
		Release|Any CPU = Release|Any CPU
	EndGlobalSection
	GlobalSection(ProjectConfigurationPlatforms) = postSolution
		{61701719-2EFD-4FD7-803C-FDD085F2B0A0}.Debug|Any CPU.ActiveCfg = Debug|Any CPU
		{61701719-2EFD-4FD7-803C-FDD085F2B0A0}.Debug|Any CPU.Build.0 = Debug|Any CPU
		{61701719-2EFD-4FD7-803C-FDD085F2B0A0}.Release|Any CPU.ActiveCfg = Release|Any CPU
		{61701719-2EFD-4FD7-803C-FDD085F2B0A0}.Release|Any CPU.Build.0 = Release|Any CPU
		{8B4A9831-9854-4A7E-A491-C5754EC14418}.Debug|Any CPU.ActiveCfg = Debug|Any CPU
		{8B4A9831-9854-4A7E-A491-C5754EC14418}.Debug|Any CPU.Build.0 = Debug|Any CPU
		{8B4A9831-9854-4A7E-A491-C5754EC14418}.Release|Any CPU.ActiveCfg = Release|Any CPU
		{8B4A9831-9854-4A7E-A491-C5754EC14418}.Release|Any CPU.Build.0 = Release|Any CPU
	EndGlobalSection
	GlobalSection(SolutionProperties) = preSolution
		HideSolutionNode = FALSE
	EndGlobalSection
	GlobalSection(ExtensibilityGlobals) = postSolution
		SolutionGuid = {36E7FDEC-0E01-471C-AB54-125E09F4F2C4}
	EndGlobalSection
	GlobalSection(TeamFoundationVersionControl) = preSolution
		SccNumberOfProjects = 3
		SccEnterpriseProvider = {4CA58AB2-18FA-4F8D-95D4-32DDF27D184C}
		SccTeamFoundationServer = https://dev.azure.com/bdsoftltd
		SccLocalPath0 = .
		SccProjectUniqueName1 = VIA_Print\\VIA_Print.vbproj
		SccProjectName1 = VIA_Print
		SccLocalPath1 = VIA_Print
		SccProjectUniqueName2 = VIAPrintConsole\\VIAPrintConsole.vbproj
		SccProjectName2 = VIAPrintConsole
		SccLocalPath2 = VIAPrintConsole
	EndGlobalSection
EndGlobal
