
Microsoft Visual Studio Solution File, Format Version 12.00
# Visual Studio 15
VisualStudioVersion = 15.0.33026.149
MinimumVisualStudioVersion = 10.0.40219.1
Project("{54435603-DBB4-11D2-8724-00A0C9A8B90C}") = "Setup_MVBReports", "Setup_MVBReports\Setup_MVBReports.vdproj", "{BE02481E-12A0-40FE-9411-71D406104713}"
EndProject
Project("{F184B08F-C81C-45F6-A57F-5ABD9991F28F}") = "MVB_Reports", "..\MVB_Reports\MVB_Reports.vbproj", "{D68B4E5E-FB74-495D-93A8-EF8CD12C00B0}"
EndProject
Project("{F184B08F-C81C-45F6-A57F-5ABD9991F28F}") = "MVB_Print", "..\MVB_Print\MVB_Print.vbproj", "{AFD71915-8C60-4E5B-81E0-CB434C260962}"
EndProject
Global
	GlobalSection(SolutionConfigurationPlatforms) = preSolution
		Debug|Any CPU = Debug|Any CPU
		Release|Any CPU = Release|Any CPU
	EndGlobalSection
	GlobalSection(ProjectConfigurationPlatforms) = postSolution
		{BE02481E-12A0-40FE-9411-71D406104713}.Debug|Any CPU.ActiveCfg = Debug
		{BE02481E-12A0-40FE-9411-71D406104713}.Debug|Any CPU.Build.0 = Debug
		{BE02481E-12A0-40FE-9411-71D406104713}.Release|Any CPU.ActiveCfg = Release
		{BE02481E-12A0-40FE-9411-71D406104713}.Release|Any CPU.Build.0 = Release
		{D68B4E5E-FB74-495D-93A8-EF8CD12C00B0}.Debug|Any CPU.ActiveCfg = Debug|Any CPU
		{D68B4E5E-FB74-495D-93A8-EF8CD12C00B0}.Debug|Any CPU.Build.0 = Debug|Any CPU
		{D68B4E5E-FB74-495D-93A8-EF8CD12C00B0}.Release|Any CPU.ActiveCfg = Release|Any CPU
		{D68B4E5E-FB74-495D-93A8-EF8CD12C00B0}.Release|Any CPU.Build.0 = Release|Any CPU
		{AFD71915-8C60-4E5B-81E0-CB434C260962}.Debug|Any CPU.ActiveCfg = Debug|Any CPU
		{AFD71915-8C60-4E5B-81E0-CB434C260962}.Debug|Any CPU.Build.0 = Debug|Any CPU
		{AFD71915-8C60-4E5B-81E0-CB434C260962}.Release|Any CPU.ActiveCfg = Release|Any CPU
		{AFD71915-8C60-4E5B-81E0-CB434C260962}.Release|Any CPU.Build.0 = Release|Any CPU
	EndGlobalSection
	GlobalSection(SolutionProperties) = preSolution
		HideSolutionNode = FALSE
	EndGlobalSection
	GlobalSection(ExtensibilityGlobals) = postSolution
		SolutionGuid = {DFD69E45-C234-4476-AB05-30771838D190}
	EndGlobalSection
EndGlobal
