
Microsoft Visual Studio Solution File, Format Version 12.00
# Visual Studio 15
VisualStudioVersion = 15.0.33026.149
MinimumVisualStudioVersion = 10.0.40219.1
Project("{F184B08F-C81C-45F6-A57F-5ABD9991F28F}") = "ExpertServicePrint", "ExpertServicePrint\ExpertServicePrint.vbproj", "{DD06C25A-D018-4663-992A-D4173794AC95}"
EndProject
Project("{F184B08F-C81C-45F6-A57F-5ABD9991F28F}") = "ExpertServicePrintconsole", "ExpertServicePrintconsole\ExpertServicePrintconsole.vbproj", "{4A989C19-35B6-4721-A310-6F2BC065CD69}"
EndProject
Global
	GlobalSection(SolutionConfigurationPlatforms) = preSolution
		Debug|Any CPU = Debug|Any CPU
		Release|Any CPU = Release|Any CPU
	EndGlobalSection
	GlobalSection(ProjectConfigurationPlatforms) = postSolution
		{DD06C25A-D018-4663-992A-D4173794AC95}.Debug|Any CPU.ActiveCfg = Debug|Any CPU
		{DD06C25A-D018-4663-992A-D4173794AC95}.Debug|Any CPU.Build.0 = Debug|Any CPU
		{DD06C25A-D018-4663-992A-D4173794AC95}.Release|Any CPU.ActiveCfg = Release|Any CPU
		{DD06C25A-D018-4663-992A-D4173794AC95}.Release|Any CPU.Build.0 = Release|Any CPU
		{4A989C19-35B6-4721-A310-6F2BC065CD69}.Debug|Any CPU.ActiveCfg = Debug|Any CPU
		{4A989C19-35B6-4721-A310-6F2BC065CD69}.Debug|Any CPU.Build.0 = Debug|Any CPU
		{4A989C19-35B6-4721-A310-6F2BC065CD69}.Release|Any CPU.ActiveCfg = Release|Any CPU
		{4A989C19-35B6-4721-A310-6F2BC065CD69}.Release|Any CPU.Build.0 = Release|Any CPU
	EndGlobalSection
	GlobalSection(SolutionProperties) = preSolution
		HideSolutionNode = FALSE
	EndGlobalSection
	GlobalSection(ExtensibilityGlobals) = postSolution
		SolutionGuid = {DF4636AD-46E4-4DF0-ABAE-F18D4FF78969}
	EndGlobalSection
	GlobalSection(TeamFoundationVersionControl) = preSolution
		SccNumberOfProjects = 3
		SccEnterpriseProvider = {4CA58AB2-18FA-4F8D-95D4-32DDF27D184C}
		SccTeamFoundationServer = https://dev.azure.com/bdsoftltd
		SccLocalPath0 = .
		SccProjectUniqueName1 = ExpertServicePrint\\ExpertServicePrint.vbproj
		SccProjectName1 = ExpertServicePrint
		SccLocalPath1 = ExpertServicePrint
		SccProjectUniqueName2 = ExpertServicePrintconsole\\ExpertServicePrintconsole.vbproj
		SccProjectName2 = ExpertServicePrintconsole
		SccLocalPath2 = ExpertServicePrintconsole
	EndGlobalSection
EndGlobal
